// !$*UTF8*$!
{
	archiveVersion = 1;
	classes = {
	};
	objectVersion = 55;
	objects = {

/* Begin PBXBuildFile section */
		855D124027FD048A00BE41A5 /* AppDelegate.swift in Sources */ = {isa = PBXBuildFile; fileRef = 855D123F27FD048A00BE41A5 /* AppDelegate.swift */; };
		855D124227FD048A00BE41A5 /* SceneDelegate.swift in Sources */ = {isa = PBXBuildFile; fileRef = 855D124127FD048A00BE41A5 /* SceneDelegate.swift */; };
		855D124427FD048A00BE41A5 /* ViewController.swift in Sources */ = {isa = PBXBuildFile; fileRef = 855D124327FD048A00BE41A5 /* ViewController.swift */; };
		855D124727FD048A00BE41A5 /* Main.storyboard in Resources */ = {isa = PBXBuildFile; fileRef = 855D124527FD048A00BE41A5 /* Main.storyboard */; };
		855D124927FD048B00BE41A5 /* Assets.xcassets in Resources */ = {isa = PBXBuildFile; fileRef = 855D124827FD048B00BE41A5 /* Assets.xcassets */; };
		855D124C27FD048B00BE41A5 /* LaunchScreen.storyboard in Resources */ = {isa = PBXBuildFile; fileRef = 855D124A27FD048B00BE41A5 /* LaunchScreen.storyboard */; };
		855D125727FD048B00BE41A5 /* UnionTests.swift in Sources */ = {isa = PBXBuildFile; fileRef = 855D125627FD048B00BE41A5 /* UnionTests.swift */; };
		855D126127FD048B00BE41A5 /* UnionUITests.swift in Sources */ = {isa = PBXBuildFile; fileRef = 855D126027FD048B00BE41A5 /* UnionUITests.swift */; };
		855D126327FD048B00BE41A5 /* UnionUITestsLaunchTests.swift in Sources */ = {isa = PBXBuildFile; fileRef = 855D126227FD048B00BE41A5 /* UnionUITestsLaunchTests.swift */; };
/* End PBXBuildFile section */

/* Begin PBXContainerItemProxy section */
		855D125327FD048B00BE41A5 /* PBXContainerItemProxy */ = {
			isa = PBXContainerItemProxy;
			containerPortal = 855D123427FD048A00BE41A5 /* Project object */;
			proxyType = 1;
			remoteGlobalIDString = 855D123B27FD048A00BE41A5;
			remoteInfo = Union;
		};
		855D125D27FD048B00BE41A5 /* PBXContainerItemProxy */ = {
			isa = PBXContainerItemProxy;
			containerPortal = 855D123427FD048A00BE41A5 /* Project object */;
			proxyType = 1;
			remoteGlobalIDString = 855D123B27FD048A00BE41A5;
			remoteInfo = Union;
		};
/* End PBXContainerItemProxy section */

/* Begin PBXFileReference section */
		855D123C27FD048A00BE41A5 /* Union.app */ = {isa = PBXFileReference; explicitFileType = wrapper.application; includeInIndex = 0; path = Union.app; sourceTree = BUILT_PRODUCTS_DIR; };
		855D123F27FD048A00BE41A5 /* AppDelegate.swift */ = {isa = PBXFileReference; lastKnownFileType = sourcecode.swift; path = AppDelegate.swift; sourceTree = "<group>"; };
		855D124127FD048A00BE41A5 /* SceneDelegate.swift */ = {isa = PBXFileReference; lastKnownFileType = sourcecode.swift; path = SceneDelegate.swift; sourceTree = "<group>"; };
		855D124327FD048A00BE41A5 /* ViewController.swift */ = {isa = PBXFileReference; lastKnownFileType = sourcecode.swift; path = ViewController.swift; sourceTree = "<group>"; };
		855D124627FD048A00BE41A5 /* Base */ = {isa = PBXFileReference; lastKnownFileType = file.storyboard; name = Base; path = Base.lproj/Main.storyboard; sourceTree = "<group>"; };
		855D124827FD048B00BE41A5 /* Assets.xcassets */ = {isa = PBXFileReference; lastKnownFileType = folder.assetcatalog; path = Assets.xcassets; sourceTree = "<group>"; };
		855D124B27FD048B00BE41A5 /* Base */ = {isa = PBXFileReference; lastKnownFileType = file.storyboard; name = Base; path = Base.lproj/LaunchScreen.storyboard; sourceTree = "<group>"; };
		855D124D27FD048B00BE41A5 /* Info.plist */ = {isa = PBXFileReference; lastKnownFileType = text.plist.xml; path = Info.plist; sourceTree = "<group>"; };
		855D125227FD048B00BE41A5 /* UnionTests.xctest */ = {isa = PBXFileReference; explicitFileType = wrapper.cfbundle; includeInIndex = 0; path = UnionTests.xctest; sourceTree = BUILT_PRODUCTS_DIR; };
		855D125627FD048B00BE41A5 /* UnionTests.swift */ = {isa = PBXFileReference; lastKnownFileType = sourcecode.swift; path = UnionTests.swift; sourceTree = "<group>"; };
		855D125C27FD048B00BE41A5 /* UnionUITests.xctest */ = {isa = PBXFileReference; explicitFileType = wrapper.cfbundle; includeInIndex = 0; path = UnionUITests.xctest; sourceTree = BUILT_PRODUCTS_DIR; };
		855D126027FD048B00BE41A5 /* UnionUITests.swift */ = {isa = PBXFileReference; lastKnownFileType = sourcecode.swift; path = UnionUITests.swift; sourceTree = "<group>"; };
		855D126227FD048B00BE41A5 /* UnionUITestsLaunchTests.swift */ = {isa = PBXFileReference; lastKnownFileType = sourcecode.swift; path = UnionUITestsLaunchTests.swift; sourceTree = "<group>"; };
/* End PBXFileReference section */

/* Begin PBXFrameworksBuildPhase section */
		855D123927FD048A00BE41A5 /* Frameworks */ = {
			isa = PBXFrameworksBuildPhase;
			buildActionMask = 2147483647;
			files = (
			);
			runOnlyForDeploymentPostprocessing = 0;
		};
		855D124F27FD048B00BE41A5 /* Frameworks */ = {
			isa = PBXFrameworksBuildPhase;
			buildActionMask = 2147483647;
			files = (
			);
			runOnlyForDeploymentPostprocessing = 0;
		};
		855D125927FD048B00BE41A5 /* Frameworks */ = {
			isa = PBXFrameworksBuildPhase;
			buildActionMask = 2147483647;
			files = (
			);
			runOnlyForDeploymentPostprocessing = 0;
		};
/* End PBXFrameworksBuildPhase section */

/* Begin PBXGroup section */
		855D123327FD048A00BE41A5 = {
			isa = PBXGroup;
			children = (
				855D123E27FD048A00BE41A5 /* Union */,
				855D125527FD048B00BE41A5 /* UnionTests */,
				855D125F27FD048B00BE41A5 /* UnionUITests */,
				855D123D27FD048A00BE41A5 /* Products */,
			);
			sourceTree = "<group>";
		};
		855D123D27FD048A00BE41A5 /* Products */ = {
			isa = PBXGroup;
			children = (
				855D123C27FD048A00BE41A5 /* Union.app */,
				855D125227FD048B00BE41A5 /* UnionTests.xctest */,
				855D125C27FD048B00BE41A5 /* UnionUITests.xctest */,
			);
			name = Products;
			sourceTree = "<group>";
		};
		855D123E27FD048A00BE41A5 /* Union */ = {
			isa = PBXGroup;
			children = (
				855D123F27FD048A00BE41A5 /* AppDelegate.swift */,
				855D124127FD048A00BE41A5 /* SceneDelegate.swift */,
				855D124327FD048A00BE41A5 /* ViewController.swift */,
				855D124527FD048A00BE41A5 /* Main.storyboard */,
				855D124827FD048B00BE41A5 /* Assets.xcassets */,
				855D124A27FD048B00BE41A5 /* LaunchScreen.storyboard */,
				855D124D27FD048B00BE41A5 /* Info.plist */,
			);
			path = Union;
			sourceTree = "<group>";
		};
		855D125527FD048B00BE41A5 /* UnionTests */ = {
			isa = PBXGroup;
			children = (
				855D125627FD048B00BE41A5 /* UnionTests.swift */,
			);
			path = UnionTests;
			sourceTree = "<group>";
		};
		855D125F27FD048B00BE41A5 /* UnionUITests */ = {
			isa = PBXGroup;
			children = (
				855D126027FD048B00BE41A5 /* UnionUITests.swift */,
				855D126227FD048B00BE41A5 /* UnionUITestsLaunchTests.swift */,
			);
			path = UnionUITests;
			sourceTree = "<group>";
		};
/* End PBXGroup section */

/* Begin PBXNativeTarget section */
		855D123B27FD048A00BE41A5 /* Union */ = {
			isa = PBXNativeTarget;
			buildConfigurationList = 855D126627FD048B00BE41A5 /* Build configuration list for PBXNativeTarget "Union" */;
			buildPhases = (
				855D123827FD048A00BE41A5 /* Sources */,
				855D123927FD048A00BE41A5 /* Frameworks */,
				855D123A27FD048A00BE41A5 /* Resources */,
			);
			buildRules = (
			);
			dependencies = (
			);
			name = Union;
			productName = Union;
			productReference = 855D123C27FD048A00BE41A5 /* Union.app */;
			productType = "com.apple.product-type.application";
		};
		855D125127FD048B00BE41A5 /* UnionTests */ = {
			isa = PBXNativeTarget;
			buildConfigurationList = 855D126927FD048B00BE41A5 /* Build configuration list for PBXNativeTarget "UnionTests" */;
			buildPhases = (
				855D124E27FD048B00BE41A5 /* Sources */,
				855D124F27FD048B00BE41A5 /* Frameworks */,
				855D125027FD048B00BE41A5 /* Resources */,
			);
			buildRules = (
			);
			dependencies = (
				855D125427FD048B00BE41A5 /* PBXTargetDependency */,
			);
			name = UnionTests;
			productName = UnionTests;
			productReference = 855D125227FD048B00BE41A5 /* UnionTests.xctest */;
			productType = "com.apple.product-type.bundle.unit-test";
		};
		855D125B27FD048B00BE41A5 /* UnionUITests */ = {
			isa = PBXNativeTarget;
			buildConfigurationList = 855D126C27FD048B00BE41A5 /* Build configuration list for PBXNativeTarget "UnionUITests" */;
			buildPhases = (
				855D125827FD048B00BE41A5 /* Sources */,
				855D125927FD048B00BE41A5 /* Frameworks */,
				855D125A27FD048B00BE41A5 /* Resources */,
			);
			buildRules = (
			);
			dependencies = (
				855D125E27FD048B00BE41A5 /* PBXTargetDependency */,
			);
			name = UnionUITests;
			productName = UnionUITests;
			productReference = 855D125C27FD048B00BE41A5 /* UnionUITests.xctest */;
			productType = "com.apple.product-type.bundle.ui-testing";
		};
/* End PBXNativeTarget section */

/* Begin PBXProject section */
		855D123427FD048A00BE41A5 /* Project object */ = {
			isa = PBXProject;
			attributes = {
				BuildIndependentTargetsInParallel = 1;
				LastSwiftUpdateCheck = 1330;
				LastUpgradeCheck = 1330;
				TargetAttributes = {
					855D123B27FD048A00BE41A5 = {
						CreatedOnToolsVersion = 13.3;
					};
					855D125127FD048B00BE41A5 = {
						CreatedOnToolsVersion = 13.3;
						TestTargetID = 855D123B27FD048A00BE41A5;
					};
					855D125B27FD048B00BE41A5 = {
						CreatedOnToolsVersion = 13.3;
						TestTargetID = 855D123B27FD048A00BE41A5;
					};
				};
			};
			buildConfigurationList = 855D123727FD048A00BE41A5 /* Build configuration list for PBXProject "Union" */;
			compatibilityVersion = "Xcode 13.0";
			developmentRegion = en;
			hasScannedForEncodings = 0;
			knownRegions = (
				en,
				Base,
			);
			mainGroup = 855D123327FD048A00BE41A5;
			productRefGroup = 855D123D27FD048A00BE41A5 /* Products */;
			projectDirPath = "";
			projectRoot = "";
			targets = (
				855D123B27FD048A00BE41A5 /* Union */,
				855D125127FD048B00BE41A5 /* UnionTests */,
				855D125B27FD048B00BE41A5 /* UnionUITests */,
			);
		};
/* End PBXProject section */

/* Begin PBXResourcesBuildPhase section */
		855D123A27FD048A00BE41A5 /* Resources */ = {
			isa = PBXResourcesBuildPhase;
			buildActionMask = 2147483647;
			files = (
				855D124C27FD048B00BE41A5 /* LaunchScreen.storyboard in Resources */,
				855D124927FD048B00BE41A5 /* Assets.xcassets in Resources */,
				855D124727FD048A00BE41A5 /* Main.storyboard in Resources */,
			);
			runOnlyForDeploymentPostprocessing = 0;
		};
		855D125027FD048B00BE41A5 /* Resources */ = {
			isa = PBXResourcesBuildPhase;
			buildActionMask = 2147483647;
			files = (
			);
			runOnlyForDeploymentPostprocessing = 0;
		};
		855D125A27FD048B00BE41A5 /* Resources */ = {
			isa = PBXResourcesBuildPhase;
			buildActionMask = 2147483647;
			files = (
			);
			runOnlyForDeploymentPostprocessing = 0;
		};
/* End PBXResourcesBuildPhase section */

/* Begin PBXSourcesBuildPhase section */
		855D123827FD048A00BE41A5 /* Sources */ = {
			isa = PBXSourcesBuildPhase;
			buildActionMask = 2147483647;
			files = (
				855D124427FD048A00BE41A5 /* ViewController.swift in Sources */,
				855D124027FD048A00BE41A5 /* AppDelegate.swift in Sources */,
				855D124227FD048A00BE41A5 /* SceneDelegate.swift in Sources */,
			);
			runOnlyForDeploymentPostprocessing = 0;
		};
		855D124E27FD048B00BE41A5 /* Sources */ = {
			isa = PBXSourcesBuildPhase;
			buildActionMask = 2147483647;
			files = (
				855D125727FD048B00BE41A5 /* UnionTests.swift in Sources */,
			);
			runOnlyForDeploymentPostprocessing = 0;
		};
		855D125827FD048B00BE41A5 /* Sources */ = {
			isa = PBXSourcesBuildPhase;
			buildActionMask = 2147483647;
			files = (
				855D126327FD048B00BE41A5 /* UnionUITestsLaunchTests.swift in Sources */,
				855D126127FD048B00BE41A5 /* UnionUITests.swift in Sources */,
			);
			runOnlyForDeploymentPostprocessing = 0;
		};
/* End PBXSourcesBuildPhase section */

/* Begin PBXTargetDependency section */
		855D125427FD048B00BE41A5 /* PBXTargetDependency */ = {
			isa = PBXTargetDependency;
			target = 855D123B27FD048A00BE41A5 /* Union */;
			targetProxy = 855D125327FD048B00BE41A5 /* PBXContainerItemProxy */;
		};
		855D125E27FD048B00BE41A5 /* PBXTargetDependency */ = {
			isa = PBXTargetDependency;
			target = 855D123B27FD048A00BE41A5 /* Union */;
			targetProxy = 855D125D27FD048B00BE41A5 /* PBXContainerItemProxy */;
		};
/* End PBXTargetDependency section */

/* Begin PBXVariantGroup section */
		855D124527FD048A00BE41A5 /* Main.storyboard */ = {
			isa = PBXVariantGroup;
			children = (
				855D124627FD048A00BE41A5 /* Base */,
			);
			name = Main.storyboard;
			sourceTree = "<group>";
		};
		855D124A27FD048B00BE41A5 /* LaunchScreen.storyboard */ = {
			isa = PBXVariantGroup;
			children = (
				855D124B27FD048B00BE41A5 /* Base */,
			);
			name = LaunchScreen.storyboard;
			sourceTree = "<group>";
		};
/* End PBXVariantGroup section */

/* Begin XCBuildConfiguration section */
		855D126427FD048B00BE41A5 /* Debug */ = {
			isa = XCBuildConfiguration;
			buildSettings = {
				ALWAYS_SEARCH_USER_PATHS = NO;
				CLANG_ANALYZER_NONNULL = YES;
				CLANG_ANALYZER_NUMBER_OBJECT_CONVERSION = YES_AGGRESSIVE;
				CLANG_CXX_LANGUAGE_STANDARD = "gnu++17";
				CLANG_ENABLE_MODULES = YES;
				CLANG_ENABLE_OBJC_ARC = YES;
				CLANG_ENABLE_OBJC_WEAK = YES;
				CLANG_WARN_BLOCK_CAPTURE_AUTORELEASING = YES;
				CLANG_WARN_BOOL_CONVERSION = YES;
				CLANG_WARN_COMMA = YES;
				CLANG_WARN_CONSTANT_CONVERSION = YES;
				CLANG_WARN_DEPRECATED_OBJC_IMPLEMENTATIONS = YES;
				CLANG_WARN_DIRECT_OBJC_ISA_USAGE = YES_ERROR;
				CLANG_WARN_DOCUMENTATION_COMMENTS = YES;
				CLANG_WARN_EMPTY_BODY = YES;
				CLANG_WARN_ENUM_CONVERSION = YES;
				CLANG_WARN_INFINITE_RECURSION = YES;
				CLANG_WARN_INT_CONVERSION = YES;
				CLANG_WARN_NON_LITERAL_NULL_CONVERSION = YES;
				CLANG_WARN_OBJC_IMPLICIT_RETAIN_SELF = YES;
				CLANG_WARN_OBJC_LITERAL_CONVERSION = YES;
				CLANG_WARN_OBJC_ROOT_CLASS = YES_ERROR;
				CLANG_WARN_QUOTED_INCLUDE_IN_FRAMEWORK_HEADER = YES;
				CLANG_WARN_RANGE_LOOP_ANALYSIS = YES;
				CLANG_WARN_STRICT_PROTOTYPES = YES;
				CLANG_WARN_SUSPICIOUS_MOVE = YES;
				CLANG_WARN_UNGUARDED_AVAILABILITY = YES_AGGRESSIVE;
				CLANG_WARN_UNREACHABLE_CODE = YES;
				CLANG_WARN__DUPLICATE_METHOD_MATCH = YES;
				COPY_PHASE_STRIP = NO;
				DEBUG_INFORMATION_FORMAT = dwarf;
				ENABLE_STRICT_OBJC_MSGSEND = YES;
				ENABLE_TESTABILITY = YES;
				GCC_C_LANGUAGE_STANDARD = gnu11;
				GCC_DYNAMIC_NO_PIC = NO;
				GCC_NO_COMMON_BLOCKS = YES;
				GCC_OPTIMIZATION_LEVEL = 0;
				GCC_PREPROCESSOR_DEFINITIONS = (
					"DEBUG=1",
					"$(inherited)",
				);
				GCC_WARN_64_TO_32_BIT_CONVERSION = YES;
				GCC_WARN_ABOUT_RETURN_TYPE = YES_ERROR;
				GCC_WARN_UNDECLARED_SELECTOR = YES;
				GCC_WARN_UNINITIALIZED_AUTOS = YES_AGGRESSIVE;
				GCC_WARN_UNUSED_FUNCTION = YES;
				GCC_WARN_UNUSED_VARIABLE = YES;
				IPHONEOS_DEPLOYMENT_TARGET = 15.4;
				MTL_ENABLE_DEBUG_INFO = INCLUDE_SOURCE;
				MTL_FAST_MATH = YES;
				ONLY_ACTIVE_ARCH = YES;
				SDKROOT = iphoneos;
				SWIFT_ACTIVE_COMPILATION_CONDITIONS = DEBUG;
				SWIFT_OPTIMIZATION_LEVEL = "-Onone";
			};
			name = Debug;
		};
		855D126527FD048B00BE41A5 /* Release */ = {
			isa = XCBuildConfiguration;
			buildSettings = {
				ALWAYS_SEARCH_USER_PATHS = NO;
				CLANG_ANALYZER_NONNULL = YES;
				CLANG_ANALYZER_NUMBER_OBJECT_CONVERSION = YES_AGGRESSIVE;
				CLANG_CXX_LANGUAGE_STANDARD = "gnu++17";
				CLANG_ENABLE_MODULES = YES;
				CLANG_ENABLE_OBJC_ARC = YES;
				CLANG_ENABLE_OBJC_WEAK = YES;
				CLANG_WARN_BLOCK_CAPTURE_AUTORELEASING = YES;
				CLANG_WARN_BOOL_CONVERSION = YES;
				CLANG_WARN_COMMA = YES;
				CLANG_WARN_CONSTANT_CONVERSION = YES;
				CLANG_WARN_DEPRECATED_OBJC_IMPLEMENTATIONS = YES;
				CLANG_WARN_DIRECT_OBJC_ISA_USAGE = YES_ERROR;
				CLANG_WARN_DOCUMENTATION_COMMENTS = YES;
				CLANG_WARN_EMPTY_BODY = YES;
				CLANG_WARN_ENUM_CONVERSION = YES;
				CLANG_WARN_INFINITE_RECURSION = YES;
				CLANG_WARN_INT_CONVERSION = YES;
				CLANG_WARN_NON_LITERAL_NULL_CONVERSION = YES;
				CLANG_WARN_OBJC_IMPLICIT_RETAIN_SELF = YES;
				CLANG_WARN_OBJC_LITERAL_CONVERSION = YES;
				CLANG_WARN_OBJC_ROOT_CLASS = YES_ERROR;
				CLANG_WARN_QUOTED_INCLUDE_IN_FRAMEWORK_HEADER = YES;
				CLANG_WARN_RANGE_LOOP_ANALYSIS = YES;
				CLANG_WARN_STRICT_PROTOTYPES = YES;
				CLANG_WARN_SUSPICIOUS_MOVE = YES;
				CLANG_WARN_UNGUARDED_AVAILABILITY = YES_AGGRESSIVE;
				CLANG_WARN_UNREACHABLE_CODE = YES;
				CLANG_WARN__DUPLICATE_METHOD_MATCH = YES;
				COPY_PHASE_STRIP = NO;
				DEBUG_INFORMATION_FORMAT = "dwarf-with-dsym";
				ENABLE_NS_ASSERTIONS = NO;
				ENABLE_STRICT_OBJC_MSGSEND = YES;
				GCC_C_LANGUAGE_STANDARD = gnu11;
				GCC_NO_COMMON_BLOCKS = YES;
				GCC_WARN_64_TO_32_BIT_CONVERSION = YES;
				GCC_WARN_ABOUT_RETURN_TYPE = YES_ERROR;
				GCC_WARN_UNDECLARED_SELECTOR = YES;
				GCC_WARN_UNINITIALIZED_AUTOS = YES_AGGRESSIVE;
				GCC_WARN_UNUSED_FUNCTION = YES;
				GCC_WARN_UNUSED_VARIABLE = YES;
				IPHONEOS_DEPLOYMENT_TARGET = 15.4;
				MTL_ENABLE_DEBUG_INFO = NO;
				MTL_FAST_MATH = YES;
				SDKROOT = iphoneos;
				SWIFT_COMPILATION_MODE = wholemodule;
				SWIFT_OPTIMIZATION_LEVEL = "-O";
				VALIDATE_PRODUCT = YES;
			};
			name = Release;
		};
		855D126727FD048B00BE41A5 /* Debug */ = {
			isa = XCBuildConfiguration;
			buildSettings = {
				ASSETCATALOG_COMPILER_APPICON_NAME = AppIcon;
				ASSETCATALOG_COMPILER_GLOBAL_ACCENT_COLOR_NAME = AccentColor;
				CODE_SIGN_STYLE = Automatic;
				CURRENT_PROJECT_VERSION = 1;
				DEVELOPMENT_TEAM = 3E2XQ23W3F;
				GENERATE_INFOPLIST_FILE = YES;
				INFOPLIST_FILE = Union/Info.plist;
				INFOPLIST_KEY_UIApplicationSupportsIndirectInputEvents = YES;
				INFOPLIST_KEY_UILaunchStoryboardName = LaunchScreen;
				INFOPLIST_KEY_UIMainStoryboardFile = Main;
				INFOPLIST_KEY_UISupportedInterfaceOrientations_iPad = "UIInterfaceOrientationPortrait UIInterfaceOrientationPortraitUpsideDown UIInterfaceOrientationLandscapeLeft UIInterfaceOrientationLandscapeRight";
				INFOPLIST_KEY_UISupportedInterfaceOrientations_iPhone = "UIInterfaceOrientationPortrait UIInterfaceOrientationLandscapeLeft UIInterfaceOrientationLandscapeRight";
				LD_RUNPATH_SEARCH_PATHS = (
					"$(inherited)",
					"@executable_path/Frameworks",
				);
				MARKETING_VERSION = 1.0;
				PRODUCT_BUNDLE_IDENTIFIER = com.bryan0147.Union;
				PRODUCT_NAME = "$(TARGET_NAME)";
				SWIFT_EMIT_LOC_STRINGS = YES;
				SWIFT_VERSION = 5.0;
				TARGETED_DEVICE_FAMILY = 1;
			};
			name = Debug;
		};
		855D126827FD048B00BE41A5 /* Release */ = {
			isa = XCBuildConfiguration;
			buildSettings = {
				ASSETCATALOG_COMPILER_APPICON_NAME = AppIcon;
				ASSETCATALOG_COMPILER_GLOBAL_ACCENT_COLOR_NAME = AccentColor;
				CODE_SIGN_STYLE = Automatic;
				CURRENT_PROJECT_VERSION = 1;
				DEVELOPMENT_TEAM = 3E2XQ23W3F;
				GENERATE_INFOPLIST_FILE = YES;
				INFOPLIST_FILE = Union/Info.plist;
				INFOPLIST_KEY_UIApplicationSupportsIndirectInputEvents = YES;
				INFOPLIST_KEY_UILaunchStoryboardName = LaunchScreen;
				INFOPLIST_KEY_UIMainStoryboardFile = Main;
				INFOPLIST_KEY_UISupportedInterfaceOrientations_iPad = "UIInterfaceOrientationPortrait UIInterfaceOrientationPortraitUpsideDown UIInterfaceOrientationLandscapeLeft UIInterfaceOrientationLandscapeRight";
				INFOPLIST_KEY_UISupportedInterfaceOrientations_iPhone = "UIInterfaceOrientationPortrait UIInterfaceOrientationLandscapeLeft UIInterfaceOrientationLandscapeRight";
				LD_RUNPATH_SEARCH_PATHS = (
					"$(inherited)",
					"@executable_path/Frameworks",
				);
				MARKETING_VERSION = 1.0;
				PRODUCT_BUNDLE_IDENTIFIER = com.bryan0147.Union;
				PRODUCT_NAME = "$(TARGET_NAME)";
				SWIFT_EMIT_LOC_STRINGS = YES;
				SWIFT_VERSION = 5.0;
				TARGETED_DEVICE_FAMILY = 1;
			};
			name = Release;
		};
		855D126A27FD048B00BE41A5 /* Debug */ = {
			isa = XCBuildConfiguration;
			buildSettings = {
				ALWAYS_EMBED_SWIFT_STANDARD_LIBRARIES = YES;
				BUNDLE_LOADER = "$(TEST_HOST)";
				CODE_SIGN_STYLE = Automatic;
				CURRENT_PROJECT_VERSION = 1;
				DEVELOPMENT_TEAM = 3E2XQ23W3F;
				GENERATE_INFOPLIST_FILE = YES;
				IPHONEOS_DEPLOYMENT_TARGET = 15.4;
				MARKETING_VERSION = 1.0;
				PRODUCT_BUNDLE_IDENTIFIER = com.bryan0147.UnionTests;
				PRODUCT_NAME = "$(TARGET_NAME)";
				SWIFT_EMIT_LOC_STRINGS = NO;
				SWIFT_VERSION = 5.0;
				TARGETED_DEVICE_FAMILY = "1,2";
				TEST_HOST = "$(BUILT_PRODUCTS_DIR)/Union.app/Union";
			};
			name = Debug;
		};
		855D126B27FD048B00BE41A5 /* Release */ = {
			isa = XCBuildConfiguration;
			buildSettings = {
				ALWAYS_EMBED_SWIFT_STANDARD_LIBRARIES = YES;
				BUNDLE_LOADER = "$(TEST_HOST)";
				CODE_SIGN_STYLE = Automatic;
				CURRENT_PROJECT_VERSION = 1;
				DEVELOPMENT_TEAM = 3E2XQ23W3F;
				GENERATE_INFOPLIST_FILE = YES;
				IPHONEOS_DEPLOYMENT_TARGET = 15.4;
				MARKETING_VERSION = 1.0;
				PRODUCT_BUNDLE_IDENTIFIER = com.bryan0147.UnionTests;
				PRODUCT_NAME = "$(TARGET_NAME)";
				SWIFT_EMIT_LOC_STRINGS = NO;
				SWIFT_VERSION = 5.0;
				TARGETED_DEVICE_FAMILY = "1,2";
				TEST_HOST = "$(BUILT_PRODUCTS_DIR)/Union.app/Union";
			};
			name = Release;
		};
		855D126D27FD048B00BE41A5 /* Debug */ = {
			isa = XCBuildConfiguration;
			buildSettings = {
				ALWAYS_EMBED_SWIFT_STANDARD_LIBRARIES = YES;
				CODE_SIGN_STYLE = Automatic;
				CURRENT_PROJECT_VERSION = 1;
				DEVELOPMENT_TEAM = 3E2XQ23W3F;
				GENERATE_INFOPLIST_FILE = YES;
				MARKETING_VERSION = 1.0;
				PRODUCT_BUNDLE_IDENTIFIER = com.bryan0147.UnionUITests;
				PRODUCT_NAME = "$(TARGET_NAME)";
				SWIFT_EMIT_LOC_STRINGS = NO;
				SWIFT_VERSION = 5.0;
				TARGETED_DEVICE_FAMILY = "1,2";
				TEST_TARGET_NAME = Union;
			};
			name = Debug;
		};
		855D126E27FD048B00BE41A5 /* Release */ = {
			isa = XCBuildConfiguration;
			buildSettings = {
				ALWAYS_EMBED_SWIFT_STANDARD_LIBRARIES = YES;
				CODE_SIGN_STYLE = Automatic;
				CURRENT_PROJECT_VERSION = 1;
				DEVELOPMENT_TEAM = 3E2XQ23W3F;
				GENERATE_INFOPLIST_FILE = YES;
				MARKETING_VERSION = 1.0;
				PRODUCT_BUNDLE_IDENTIFIER = com.bryan0147.UnionUITests;
				PRODUCT_NAME = "$(TARGET_NAME)";
				SWIFT_EMIT_LOC_STRINGS = NO;
				SWIFT_VERSION = 5.0;
				TARGETED_DEVICE_FAMILY = "1,2";
				TEST_TARGET_NAME = Union;
			};
			name = Release;
		};
/* End XCBuildConfiguration section */

/* Begin XCConfigurationList section */
		855D123727FD048A00BE41A5 /* Build configuration list for PBXProject "Union" */ = {
			isa = XCConfigurationList;
			buildConfigurations = (
				855D126427FD048B00BE41A5 /* Debug */,
				855D126527FD048B00BE41A5 /* Release */,
			);
			defaultConfigurationIsVisible = 0;
			defaultConfigurationName = Release;
		};
		855D126627FD048B00BE41A5 /* Build configuration list for PBXNativeTarget "Union" */ = {
			isa = XCConfigurationList;
			buildConfigurations = (
				855D126727FD048B00BE41A5 /* Debug */,
				855D126827FD048B00BE41A5 /* Release */,
			);
			defaultConfigurationIsVisible = 0;
			defaultConfigurationName = Release;
		};
		855D126927FD048B00BE41A5 /* Build configuration list for PBXNativeTarget "UnionTests" */ = {
			isa = XCConfigurationList;
			buildConfigurations = (
				855D126A27FD048B00BE41A5 /* Debug */,
				855D126B27FD048B00BE41A5 /* Release */,
			);
			defaultConfigurationIsVisible = 0;
			defaultConfigurationName = Release;
		};
		855D126C27FD048B00BE41A5 /* Build configuration list for PBXNativeTarget "UnionUITests" */ = {
			isa = XCConfigurationList;
			buildConfigurations = (
				855D126D27FD048B00BE41A5 /* Debug */,
				855D126E27FD048B00BE41A5 /* Release */,
			);
			defaultConfigurationIsVisible = 0;
			defaultConfigurationName = Release;
		};
/* End XCConfigurationList section */
	};
	rootObject = 855D123427FD048A00BE41A5 /* Project object */;
}
